// !$*UTF8*$!
{
	archiveVersion = 1;
	classes = {
	};
	objectVersion = 46;
	objects = {

/* Begin PBXBuildFile section */
		05D81AA2307EA6CE9C1117B7 /* libPods-MasonryExample.a in Frameworks */ = {isa = PBXBuildFile; fileRef = 2B08C978517FB957CB94C1AB /* libPods-MasonryExample.a */; };
		6EB620F5D4987AA9D5FFFDF3 /* Common.m in Sources */ = {isa = PBXBuildFile; fileRef = 6EB628ED6E403D2F244E7D24 /* Common.m */; };
		6EB62440A862D561C595E054 /* UIView+TTGHook.m in Sources */ = {isa = PBXBuildFile; fileRef = 6EB62E9270E25AB9F30C5F5F /* UIView+TTGHook.m */; };
		6EB62A08961EE8DB1B6B3235 /* Case8DataEntity.m in Sources */ = {isa = PBXBuildFile; fileRef = 6EB629E01758AD50898C872D /* Case8DataEntity.m */; };
		BF1069E51E759C9000807571 /* Case14Cell.m in Sources */ = {isa = PBXBuildFile; fileRef = BF1069E41E759C9000807571 /* Case14Cell.m */; };
		BF1CF0BE1D55F650002E71DF /* Case10ViewController.m in Sources */ = {isa = PBXBuildFile; fileRef = BF1CF0BD1D55F650002E71DF /* Case10ViewController.m */; };
		BF1CF0C11D55FF4A002E71DF /* Case11ViewController.m in Sources */ = {isa = PBXBuildFile; fileRef = BF1CF0C01D55FF4A002E71DF /* Case11ViewController.m */; };
		BF1CF0C41D561AB4002E71DF /* Case12ViewController.m in Sources */ = {isa = PBXBuildFile; fileRef = BF1CF0C31D561AB4002E71DF /* Case12ViewController.m */; };
		BF2C6D971DCF93EC00CDFB94 /* Case14ViewController.m in Sources */ = {isa = PBXBuildFile; fileRef = BF2C6D961DCF93EC00CDFB94 /* Case14ViewController.m */; };
		BF2C6D9A1DCF947100CDFB94 /* Case14StairView.m in Sources */ = {isa = PBXBuildFile; fileRef = BF2C6D991DCF947100CDFB94 /* Case14StairView.m */; };
		BFBF08391DCE4ED300200600 /* Case13ViewController.m in Sources */ = {isa = PBXBuildFile; fileRef = BFBF08381DCE4ED300200600 /* Case13ViewController.m */; };
		BFBF083C1DCE529400200600 /* Case13TableViewCell.m in Sources */ = {isa = PBXBuildFile; fileRef = BFBF083B1DCE529400200600 /* Case13TableViewCell.m */; };
		F41FEA771C12C91000B04261 /* Case8ViewController.m in Sources */ = {isa = PBXBuildFile; fileRef = F41FEA761C12C91000B04261 /* Case8ViewController.m */; };
		F41FEA7A1C12CB7900B04261 /* Case8Cell.m in Sources */ = {isa = PBXBuildFile; fileRef = F41FEA791C12CB7900B04261 /* Case8Cell.m */; };
		F41FEA7D1C130D9600B04261 /* Case9ViewController.m in Sources */ = {isa = PBXBuildFile; fileRef = F41FEA7C1C130D9600B04261 /* Case9ViewController.m */; };
		F46ECD961B10452E00FFB893 /* Case2ViewController.m in Sources */ = {isa = PBXBuildFile; fileRef = F46ECD951B10452E00FFB893 /* Case2ViewController.m */; };
		F48786DD1C0AECD300003A6C /* MainViewController.m in Sources */ = {isa = PBXBuildFile; fileRef = F48786DC1C0AECD300003A6C /* MainViewController.m */; };
		F48786E11C0B60AB00003A6C /* Case7ViewController.m in Sources */ = {isa = PBXBuildFile; fileRef = F48786E01C0B60AB00003A6C /* Case7ViewController.m */; };
		F4A2CE651B6A8FA900739D9D /* Case4ViewController.m in Sources */ = {isa = PBXBuildFile; fileRef = F4A2CE641B6A8FA900739D9D /* Case4ViewController.m */; };
		F4A2CE6C1B6A90D500739D9D /* Case4DataEntity.m in Sources */ = {isa = PBXBuildFile; fileRef = F4A2CE6B1B6A90D500739D9D /* Case4DataEntity.m */; };
		F4A2CE6F1B6A921100739D9D /* Case4Cell.m in Sources */ = {isa = PBXBuildFile; fileRef = F4A2CE6E1B6A921100739D9D /* Case4Cell.m */; };
		F4C204CB1B107B5200FA4E26 /* Case3ViewController.m in Sources */ = {isa = PBXBuildFile; fileRef = F4C204CA1B107B5200FA4E26 /* Case3ViewController.m */; };
		F4D738B91B6E144100CCA111 /* Case5ViewController.m in Sources */ = {isa = PBXBuildFile; fileRef = F4D738B81B6E144100CCA111 /* Case5ViewController.m */; };
		F4D738BD1B6E3F0800CCA111 /* Case6ViewController.m in Sources */ = {isa = PBXBuildFile; fileRef = F4D738BC1B6E3F0800CCA111 /* Case6ViewController.m */; };
		F4D738C01B6E433900CCA111 /* Case6ItemView.m in Sources */ = {isa = PBXBuildFile; fileRef = F4D738BF1B6E433900CCA111 /* Case6ItemView.m */; };
		F4D738C21B6E44D900CCA111 /* Images.xcassets in Resources */ = {isa = PBXBuildFile; fileRef = F4D738C11B6E44D900CCA111 /* Images.xcassets */; };
		F4FC743D1B0332FE000C6AE9 /* main.m in Sources */ = {isa = PBXBuildFile; fileRef = F4FC743C1B0332FE000C6AE9 /* main.m */; };
		F4FC74401B0332FE000C6AE9 /* AppDelegate.m in Sources */ = {isa = PBXBuildFile; fileRef = F4FC743F1B0332FE000C6AE9 /* AppDelegate.m */; };
		F4FC74431B0332FE000C6AE9 /* Case1ViewController.m in Sources */ = {isa = PBXBuildFile; fileRef = F4FC74421B0332FE000C6AE9 /* Case1ViewController.m */; };
		F4FC74461B0332FE000C6AE9 /* Main.storyboard in Resources */ = {isa = PBXBuildFile; fileRef = F4FC74441B0332FE000C6AE9 /* Main.storyboard */; };
		F4FC744B1B0332FE000C6AE9 /* LaunchScreen.xib in Resources */ = {isa = PBXBuildFile; fileRef = F4FC74491B0332FE000C6AE9 /* LaunchScreen.xib */; };
		F4FC74571B0332FE000C6AE9 /* MasonryExampleTests.m in Sources */ = {isa = PBXBuildFile; fileRef = F4FC74561B0332FE000C6AE9 /* MasonryExampleTests.m */; };
/* End PBXBuildFile section */

/* Begin PBXContainerItemProxy section */
		F4FC74511B0332FE000C6AE9 /* PBXContainerItemProxy */ = {
			isa = PBXContainerItemProxy;
			containerPortal = F4FC742F1B0332FE000C6AE9 /* Project object */;
			proxyType = 1;
			remoteGlobalIDString = F4FC74361B0332FE000C6AE9;
			remoteInfo = MasonryExample;
		};
/* End PBXContainerItemProxy section */

/* Begin PBXFileReference section */
		2B08C978517FB957CB94C1AB /* libPods-MasonryExample.a */ = {isa = PBXFileReference; explicitFileType = archive.ar; includeInIndex = 0; path = "libPods-MasonryExample.a"; sourceTree = BUILT_PRODUCTS_DIR; };
		61B46BE89DD3FCE4B7063FC9 /* Pods-MasonryExample.release.xcconfig */ = {isa = PBXFileReference; includeInIndex = 1; lastKnownFileType = text.xcconfig; name = "Pods-MasonryExample.release.xcconfig"; path = "Pods/Target Support Files/Pods-MasonryExample/Pods-MasonryExample.release.xcconfig"; sourceTree = "<group>"; };
		6EB6205D8C792F2FB2F8172E /* Case8DataEntity.h */ = {isa = PBXFileReference; fileEncoding = 4; lastKnownFileType = sourcecode.c.h; path = Case8DataEntity.h; sourceTree = "<group>"; };
		6EB625FA8111AFBAB2E8247D /* UIView+TTGHook.h */ = {isa = PBXFileReference; fileEncoding = 4; lastKnownFileType = sourcecode.c.h; path = "UIView+TTGHook.h"; sourceTree = "<group>"; };
		6EB628ED6E403D2F244E7D24 /* Common.m */ = {isa = PBXFileReference; fileEncoding = 4; lastKnownFileType = sourcecode.c.objc; path = Common.m; sourceTree = "<group>"; };
		6EB629E01758AD50898C872D /* Case8DataEntity.m */ = {isa = PBXFileReference; fileEncoding = 4; lastKnownFileType = sourcecode.c.objc; path = Case8DataEntity.m; sourceTree = "<group>"; };
		6EB62C0A4C3EB058F88AB062 /* Common.h */ = {isa = PBXFileReference; fileEncoding = 4; lastKnownFileType = sourcecode.c.h; path = Common.h; sourceTree = "<group>"; };
		6EB62E9270E25AB9F30C5F5F /* UIView+TTGHook.m */ = {isa = PBXFileReference; fileEncoding = 4; lastKnownFileType = sourcecode.c.objc; path = "UIView+TTGHook.m"; sourceTree = "<group>"; };
		9837C7336C60C75F97C3B6AA /* Pods-MasonryExample.debug.xcconfig */ = {isa = PBXFileReference; includeInIndex = 1; lastKnownFileType = text.xcconfig; name = "Pods-MasonryExample.debug.xcconfig"; path = "Pods/Target Support Files/Pods-MasonryExample/Pods-MasonryExample.debug.xcconfig"; sourceTree = "<group>"; };
		BF1069E31E759C9000807571 /* Case14Cell.h */ = {isa = PBXFileReference; fileEncoding = 4; lastKnownFileType = sourcecode.c.h; path = Case14Cell.h; sourceTree = "<group>"; };
		BF1069E41E759C9000807571 /* Case14Cell.m */ = {isa = PBXFileReference; fileEncoding = 4; lastKnownFileType = sourcecode.c.objc; path = Case14Cell.m; sourceTree = "<group>"; };
		BF1CF0BC1D55F650002E71DF /* Case10ViewController.h */ = {isa = PBXFileReference; fileEncoding = 4; lastKnownFileType = sourcecode.c.h; path = Case10ViewController.h; sourceTree = "<group>"; };
		BF1CF0BD1D55F650002E71DF /* Case10ViewController.m */ = {isa = PBXFileReference; fileEncoding = 4; lastKnownFileType = sourcecode.c.objc; path = Case10ViewController.m; sourceTree = "<group>"; };
		BF1CF0BF1D55FF4A002E71DF /* Case11ViewController.h */ = {isa = PBXFileReference; fileEncoding = 4; lastKnownFileType = sourcecode.c.h; path = Case11ViewController.h; sourceTree = "<group>"; };
		BF1CF0C01D55FF4A002E71DF /* Case11ViewController.m */ = {isa = PBXFileReference; fileEncoding = 4; lastKnownFileType = sourcecode.c.objc; path = Case11ViewController.m; sourceTree = "<group>"; };
		BF1CF0C21D561AB4002E71DF /* Case12ViewController.h */ = {isa = PBXFileReference; fileEncoding = 4; lastKnownFileType = sourcecode.c.h; path = Case12ViewController.h; sourceTree = "<group>"; };
		BF1CF0C31D561AB4002E71DF /* Case12ViewController.m */ = {isa = PBXFileReference; fileEncoding = 4; lastKnownFileType = sourcecode.c.objc; path = Case12ViewController.m; sourceTree = "<group>"; };
		BF2C6D951DCF93EC00CDFB94 /* Case14ViewController.h */ = {isa = PBXFileReference; fileEncoding = 4; lastKnownFileType = sourcecode.c.h; path = Case14ViewController.h; sourceTree = "<group>"; };
		BF2C6D961DCF93EC00CDFB94 /* Case14ViewController.m */ = {isa = PBXFileReference; fileEncoding = 4; lastKnownFileType = sourcecode.c.objc; path = Case14ViewController.m; sourceTree = "<group>"; };
		BF2C6D981DCF947100CDFB94 /* Case14StairView.h */ = {isa = PBXFileReference; fileEncoding = 4; lastKnownFileType = sourcecode.c.h; path = Case14StairView.h; sourceTree = "<group>"; };
		BF2C6D991DCF947100CDFB94 /* Case14StairView.m */ = {isa = PBXFileReference; fileEncoding = 4; lastKnownFileType = sourcecode.c.objc; path = Case14StairView.m; sourceTree = "<group>"; };
		BFBF08371DCE4ED300200600 /* Case13ViewController.h */ = {isa = PBXFileReference; fileEncoding = 4; lastKnownFileType = sourcecode.c.h; path = Case13ViewController.h; sourceTree = "<group>"; };
		BFBF08381DCE4ED300200600 /* Case13ViewController.m */ = {isa = PBXFileReference; fileEncoding = 4; lastKnownFileType = sourcecode.c.objc; path = Case13ViewController.m; sourceTree = "<group>"; };
		BFBF083A1DCE529400200600 /* Case13TableViewCell.h */ = {isa = PBXFileReference; fileEncoding = 4; lastKnownFileType = sourcecode.c.h; path = Case13TableViewCell.h; sourceTree = "<group>"; };
		BFBF083B1DCE529400200600 /* Case13TableViewCell.m */ = {isa = PBXFileReference; fileEncoding = 4; lastKnownFileType = sourcecode.c.objc; path = Case13TableViewCell.m; sourceTree = "<group>"; };
		F41FEA751C12C91000B04261 /* Case8ViewController.h */ = {isa = PBXFileReference; fileEncoding = 4; lastKnownFileType = sourcecode.c.h; path = Case8ViewController.h; sourceTree = "<group>"; };
		F41FEA761C12C91000B04261 /* Case8ViewController.m */ = {isa = PBXFileReference; fileEncoding = 4; lastKnownFileType = sourcecode.c.objc; path = Case8ViewController.m; sourceTree = "<group>"; };
		F41FEA781C12CB7900B04261 /* Case8Cell.h */ = {isa = PBXFileReference; fileEncoding = 4; lastKnownFileType = sourcecode.c.h; path = Case8Cell.h; sourceTree = "<group>"; };
		F41FEA791C12CB7900B04261 /* Case8Cell.m */ = {isa = PBXFileReference; fileEncoding = 4; lastKnownFileType = sourcecode.c.objc; path = Case8Cell.m; sourceTree = "<group>"; };
		F41FEA7B1C130D9600B04261 /* Case9ViewController.h */ = {isa = PBXFileReference; fileEncoding = 4; lastKnownFileType = sourcecode.c.h; path = Case9ViewController.h; sourceTree = "<group>"; };
		F41FEA7C1C130D9600B04261 /* Case9ViewController.m */ = {isa = PBXFileReference; fileEncoding = 4; lastKnownFileType = sourcecode.c.objc; path = Case9ViewController.m; sourceTree = "<group>"; };
		F46ECD941B10452E00FFB893 /* Case2ViewController.h */ = {isa = PBXFileReference; fileEncoding = 4; lastKnownFileType = sourcecode.c.h; path = Case2ViewController.h; sourceTree = "<group>"; };
		F46ECD951B10452E00FFB893 /* Case2ViewController.m */ = {isa = PBXFileReference; fileEncoding = 4; lastKnownFileType = sourcecode.c.objc; path = Case2ViewController.m; sourceTree = "<group>"; };
		F48786DB1C0AECD300003A6C /* MainViewController.h */ = {isa = PBXFileReference; fileEncoding = 4; lastKnownFileType = sourcecode.c.h; path = MainViewController.h; sourceTree = "<group>"; };
		F48786DC1C0AECD300003A6C /* MainViewController.m */ = {isa = PBXFileReference; fileEncoding = 4; lastKnownFileType = sourcecode.c.objc; path = MainViewController.m; sourceTree = "<group>"; };
		F48786DF1C0B60AB00003A6C /* Case7ViewController.h */ = {isa = PBXFileReference; fileEncoding = 4; lastKnownFileType = sourcecode.c.h; path = Case7ViewController.h; sourceTree = "<group>"; };
		F48786E01C0B60AB00003A6C /* Case7ViewController.m */ = {isa = PBXFileReference; fileEncoding = 4; lastKnownFileType = sourcecode.c.objc; path = Case7ViewController.m; sourceTree = "<group>"; };
		F4A2CE631B6A8FA900739D9D /* Case4ViewController.h */ = {isa = PBXFileReference; fileEncoding = 4; lastKnownFileType = sourcecode.c.h; path = Case4ViewController.h; sourceTree = "<group>"; };
		F4A2CE641B6A8FA900739D9D /* Case4ViewController.m */ = {isa = PBXFileReference; fileEncoding = 4; lastKnownFileType = sourcecode.c.objc; path = Case4ViewController.m; sourceTree = "<group>"; };
		F4A2CE6A1B6A90D500739D9D /* Case4DataEntity.h */ = {isa = PBXFileReference; fileEncoding = 4; lastKnownFileType = sourcecode.c.h; path = Case4DataEntity.h; sourceTree = "<group>"; };
		F4A2CE6B1B6A90D500739D9D /* Case4DataEntity.m */ = {isa = PBXFileReference; fileEncoding = 4; lastKnownFileType = sourcecode.c.objc; path = Case4DataEntity.m; sourceTree = "<group>"; };
		F4A2CE6D1B6A921100739D9D /* Case4Cell.h */ = {isa = PBXFileReference; fileEncoding = 4; lastKnownFileType = sourcecode.c.h; path = Case4Cell.h; sourceTree = "<group>"; };
		F4A2CE6E1B6A921100739D9D /* Case4Cell.m */ = {isa = PBXFileReference; fileEncoding = 4; lastKnownFileType = sourcecode.c.objc; path = Case4Cell.m; sourceTree = "<group>"; };
		F4C204C91B107B5200FA4E26 /* Case3ViewController.h */ = {isa = PBXFileReference; fileEncoding = 4; lastKnownFileType = sourcecode.c.h; path = Case3ViewController.h; sourceTree = "<group>"; };
		F4C204CA1B107B5200FA4E26 /* Case3ViewController.m */ = {isa = PBXFileReference; fileEncoding = 4; lastKnownFileType = sourcecode.c.objc; path = Case3ViewController.m; sourceTree = "<group>"; };
		F4D738B71B6E144100CCA111 /* Case5ViewController.h */ = {isa = PBXFileReference; fileEncoding = 4; lastKnownFileType = sourcecode.c.h; path = Case5ViewController.h; sourceTree = "<group>"; };
		F4D738B81B6E144100CCA111 /* Case5ViewController.m */ = {isa = PBXFileReference; fileEncoding = 4; lastKnownFileType = sourcecode.c.objc; path = Case5ViewController.m; sourceTree = "<group>"; };
		F4D738BB1B6E3F0800CCA111 /* Case6ViewController.h */ = {isa = PBXFileReference; fileEncoding = 4; lastKnownFileType = sourcecode.c.h; path = Case6ViewController.h; sourceTree = "<group>"; };
		F4D738BC1B6E3F0800CCA111 /* Case6ViewController.m */ = {isa = PBXFileReference; fileEncoding = 4; lastKnownFileType = sourcecode.c.objc; path = Case6ViewController.m; sourceTree = "<group>"; };
		F4D738BE1B6E433900CCA111 /* Case6ItemView.h */ = {isa = PBXFileReference; fileEncoding = 4; lastKnownFileType = sourcecode.c.h; path = Case6ItemView.h; sourceTree = "<group>"; };
		F4D738BF1B6E433900CCA111 /* Case6ItemView.m */ = {isa = PBXFileReference; fileEncoding = 4; lastKnownFileType = sourcecode.c.objc; path = Case6ItemView.m; sourceTree = "<group>"; };
		F4D738C11B6E44D900CCA111 /* Images.xcassets */ = {isa = PBXFileReference; lastKnownFileType = folder.assetcatalog; path = Images.xcassets; sourceTree = "<group>"; };
		F4FC74371B0332FE000C6AE9 /* MasonryExample.app */ = {isa = PBXFileReference; explicitFileType = wrapper.application; includeInIndex = 0; path = MasonryExample.app; sourceTree = BUILT_PRODUCTS_DIR; };
		F4FC743B1B0332FE000C6AE9 /* Info.plist */ = {isa = PBXFileReference; lastKnownFileType = text.plist.xml; path = Info.plist; sourceTree = "<group>"; };
		F4FC743C1B0332FE000C6AE9 /* main.m */ = {isa = PBXFileReference; lastKnownFileType = sourcecode.c.objc; path = main.m; sourceTree = "<group>"; };
		F4FC743E1B0332FE000C6AE9 /* AppDelegate.h */ = {isa = PBXFileReference; lastKnownFileType = sourcecode.c.h; path = AppDelegate.h; sourceTree = "<group>"; };
		F4FC743F1B0332FE000C6AE9 /* AppDelegate.m */ = {isa = PBXFileReference; lastKnownFileType = sourcecode.c.objc; path = AppDelegate.m; sourceTree = "<group>"; };
		F4FC74411B0332FE000C6AE9 /* Case1ViewController.h */ = {isa = PBXFileReference; lastKnownFileType = sourcecode.c.h; path = Case1ViewController.h; sourceTree = "<group>"; };
		F4FC74421B0332FE000C6AE9 /* Case1ViewController.m */ = {isa = PBXFileReference; lastKnownFileType = sourcecode.c.objc; path = Case1ViewController.m; sourceTree = "<group>"; };
		F4FC74451B0332FE000C6AE9 /* Base */ = {isa = PBXFileReference; lastKnownFileType = file.storyboard; name = Base; path = Base.lproj/Main.storyboard; sourceTree = "<group>"; };
		F4FC744A1B0332FE000C6AE9 /* Base */ = {isa = PBXFileReference; lastKnownFileType = file.xib; name = Base; path = Base.lproj/LaunchScreen.xib; sourceTree = "<group>"; };
		F4FC74501B0332FE000C6AE9 /* MasonryExampleTests.xctest */ = {isa = PBXFileReference; explicitFileType = wrapper.cfbundle; includeInIndex = 0; path = MasonryExampleTests.xctest; sourceTree = BUILT_PRODUCTS_DIR; };
		F4FC74551B0332FE000C6AE9 /* Info.plist */ = {isa = PBXFileReference; lastKnownFileType = text.plist.xml; path = Info.plist; sourceTree = "<group>"; };
		F4FC74561B0332FE000C6AE9 /* MasonryExampleTests.m */ = {isa = PBXFileReference; lastKnownFileType = sourcecode.c.objc; path = MasonryExampleTests.m; sourceTree = "<group>"; };
/* End PBXFileReference section */

/* Begin PBXFrameworksBuildPhase section */
		F4FC74341B0332FE000C6AE9 /* Frameworks */ = {
			isa = PBXFrameworksBuildPhase;
			buildActionMask = 2147483647;
			files = (
				05D81AA2307EA6CE9C1117B7 /* libPods-MasonryExample.a in Frameworks */,
			);
			runOnlyForDeploymentPostprocessing = 0;
		};
		F4FC744D1B0332FE000C6AE9 /* Frameworks */ = {
			isa = PBXFrameworksBuildPhase;
			buildActionMask = 2147483647;
			files = (
			);
			runOnlyForDeploymentPostprocessing = 0;
		};
/* End PBXFrameworksBuildPhase section */

/* Begin PBXGroup section */
		62882FFC6F5C5C8786E360F6 /* Pods */ = {
			isa = PBXGroup;
			children = (
				9837C7336C60C75F97C3B6AA /* Pods-MasonryExample.debug.xcconfig */,
				61B46BE89DD3FCE4B7063FC9 /* Pods-MasonryExample.release.xcconfig */,
			);
			name = Pods;
			sourceTree = "<group>";
		};
		6EB62423A565E621BE5BA820 /* Common */ = {
			isa = PBXGroup;
			children = (
				6EB62C0A4C3EB058F88AB062 /* Common.h */,
				6EB628ED6E403D2F244E7D24 /* Common.m */,
			);
			path = Common;
			sourceTree = "<group>";
		};
		6EB625F4AA5B531FA4C40D47 /* Debug */ = {
			isa = PBXGroup;
			children = (
				6EB625FA8111AFBAB2E8247D /* UIView+TTGHook.h */,
				6EB62E9270E25AB9F30C5F5F /* UIView+TTGHook.m */,
			);
			path = Debug;
			sourceTree = "<group>";
		};
		BF1CF0B91D55F619002E71DF /* Case10 */ = {
			isa = PBXGroup;
			children = (
				BF1CF0BC1D55F650002E71DF /* Case10ViewController.h */,
				BF1CF0BD1D55F650002E71DF /* Case10ViewController.m */,
			);
			path = Case10;
			sourceTree = "<group>";
		};
		BF1CF0BA1D55F623002E71DF /* Case11 */ = {
			isa = PBXGroup;
			children = (
				BF1CF0BF1D55FF4A002E71DF /* Case11ViewController.h */,
				BF1CF0C01D55FF4A002E71DF /* Case11ViewController.m */,
			);
			path = Case11;
			sourceTree = "<group>";
		};
		BF1CF0BB1D55F62D002E71DF /* Case12 */ = {
			isa = PBXGroup;
			children = (
				BF1CF0C21D561AB4002E71DF /* Case12ViewController.h */,
				BF1CF0C31D561AB4002E71DF /* Case12ViewController.m */,
			);
			path = Case12;
			sourceTree = "<group>";
		};
		BF2C6D941DCF93D700CDFB94 /* Case14 */ = {
			isa = PBXGroup;
			children = (
				BF2C6D951DCF93EC00CDFB94 /* Case14ViewController.h */,
				BF2C6D961DCF93EC00CDFB94 /* Case14ViewController.m */,
				BF2C6D981DCF947100CDFB94 /* Case14StairView.h */,
				BF2C6D991DCF947100CDFB94 /* Case14StairView.m */,
				BF1069E31E759C9000807571 /* Case14Cell.h */,
				BF1069E41E759C9000807571 /* Case14Cell.m */,
			);
			path = Case14;
			sourceTree = "<group>";
		};
		BFBF08361DCE4EB400200600 /* Case13 */ = {
			isa = PBXGroup;
			children = (
				BFBF08371DCE4ED300200600 /* Case13ViewController.h */,
				BFBF08381DCE4ED300200600 /* Case13ViewController.m */,
				BFBF083A1DCE529400200600 /* Case13TableViewCell.h */,
				BFBF083B1DCE529400200600 /* Case13TableViewCell.m */,
			);
			path = Case13;
			sourceTree = "<group>";
		};
		C00A74C04C7628456622BCAF /* Frameworks */ = {
			isa = PBXGroup;
			children = (
				2B08C978517FB957CB94C1AB /* libPods-MasonryExample.a */,
			);
			name = Frameworks;
			sourceTree = "<group>";
		};
		F41FEA731C12C53D00B04261 /* Case8 */ = {
			isa = PBXGroup;
			children = (
				F41FEA781C12CB7900B04261 /* Case8Cell.h */,
				F41FEA791C12CB7900B04261 /* Case8Cell.m */,
				6EB6205D8C792F2FB2F8172E /* Case8DataEntity.h */,
				6EB629E01758AD50898C872D /* Case8DataEntity.m */,
				F41FEA751C12C91000B04261 /* Case8ViewController.h */,
				F41FEA761C12C91000B04261 /* Case8ViewController.m */,
			);
			path = Case8;
			sourceTree = "<group>";
		};
		F41FEA741C12C54300B04261 /* Case9 */ = {
			isa = PBXGroup;
			children = (
				F41FEA7B1C130D9600B04261 /* Case9ViewController.h */,
				F41FEA7C1C130D9600B04261 /* Case9ViewController.m */,
			);
			path = Case9;
			sourceTree = "<group>";
		};
		F48786DE1C0B609900003A6C /* Case7 */ = {
			isa = PBXGroup;
			children = (
				F48786DF1C0B60AB00003A6C /* Case7ViewController.h */,
				F48786E01C0B60AB00003A6C /* Case7ViewController.m */,
			);
			path = Case7;
			sourceTree = "<group>";
		};
		F4A2CE661B6A909000739D9D /* Case1 */ = {
			isa = PBXGroup;
			children = (
				F4FC74411B0332FE000C6AE9 /* Case1ViewController.h */,
				F4FC74421B0332FE000C6AE9 /* Case1ViewController.m */,
			);
			path = Case1;
			sourceTree = "<group>";
		};
		F4A2CE671B6A909800739D9D /* Case2 */ = {
			isa = PBXGroup;
			children = (
				F46ECD941B10452E00FFB893 /* Case2ViewController.h */,
				F46ECD951B10452E00FFB893 /* Case2ViewController.m */,
			);
			path = Case2;
			sourceTree = "<group>";
		};
		F4A2CE681B6A909D00739D9D /* Case3 */ = {
			isa = PBXGroup;
			children = (
				F4C204C91B107B5200FA4E26 /* Case3ViewController.h */,
				F4C204CA1B107B5200FA4E26 /* Case3ViewController.m */,
			);
			path = Case3;
			sourceTree = "<group>";
		};
		F4A2CE691B6A90A200739D9D /* Case4 */ = {
			isa = PBXGroup;
			children = (
				F4A2CE6D1B6A921100739D9D /* Case4Cell.h */,
				F4A2CE6E1B6A921100739D9D /* Case4Cell.m */,
				F4A2CE6A1B6A90D500739D9D /* Case4DataEntity.h */,
				F4A2CE6B1B6A90D500739D9D /* Case4DataEntity.m */,
				F4A2CE631B6A8FA900739D9D /* Case4ViewController.h */,
				F4A2CE641B6A8FA900739D9D /* Case4ViewController.m */,
			);
			path = Case4;
			sourceTree = "<group>";
		};
		F4D738B61B6E142100CCA111 /* Case5 */ = {
			isa = PBXGroup;
			children = (
				F4D738B71B6E144100CCA111 /* Case5ViewController.h */,
				F4D738B81B6E144100CCA111 /* Case5ViewController.m */,
			);
			path = Case5;
			sourceTree = "<group>";
		};
		F4D738BA1B6E3EFD00CCA111 /* Case6 */ = {
			isa = PBXGroup;
			children = (
				F4D738BE1B6E433900CCA111 /* Case6ItemView.h */,
				F4D738BF1B6E433900CCA111 /* Case6ItemView.m */,
				F4D738BB1B6E3F0800CCA111 /* Case6ViewController.h */,
				F4D738BC1B6E3F0800CCA111 /* Case6ViewController.m */,
			);
			path = Case6;
			sourceTree = "<group>";
		};
		F4FC742E1B0332FE000C6AE9 = {
			isa = PBXGroup;
			children = (
				C00A74C04C7628456622BCAF /* Frameworks */,
				F4FC74391B0332FE000C6AE9 /* MasonryExample */,
				F4FC74531B0332FE000C6AE9 /* MasonryExampleTests */,
				62882FFC6F5C5C8786E360F6 /* Pods */,
				F4FC74381B0332FE000C6AE9 /* Products */,
			);
			sourceTree = "<group>";
		};
		F4FC74381B0332FE000C6AE9 /* Products */ = {
			isa = PBXGroup;
			children = (
				F4FC74371B0332FE000C6AE9 /* MasonryExample.app */,
				F4FC74501B0332FE000C6AE9 /* MasonryExampleTests.xctest */,
			);
			name = Products;
			sourceTree = "<group>";
		};
		F4FC74391B0332FE000C6AE9 /* MasonryExample */ = {
			isa = PBXGroup;
			children = (
				F4FC743E1B0332FE000C6AE9 /* AppDelegate.h */,
				F4FC743F1B0332FE000C6AE9 /* AppDelegate.m */,
				F4A2CE661B6A909000739D9D /* Case1 */,
				F4A2CE671B6A909800739D9D /* Case2 */,
				F4A2CE681B6A909D00739D9D /* Case3 */,
				F4A2CE691B6A90A200739D9D /* Case4 */,
				F4D738B61B6E142100CCA111 /* Case5 */,
				F4D738BA1B6E3EFD00CCA111 /* Case6 */,
				F48786DE1C0B609900003A6C /* Case7 */,
				F41FEA731C12C53D00B04261 /* Case8 */,
				F41FEA741C12C54300B04261 /* Case9 */,
				BF1CF0B91D55F619002E71DF /* Case10 */,
				BF1CF0BA1D55F623002E71DF /* Case11 */,
				BF1CF0BB1D55F62D002E71DF /* Case12 */,
				BFBF08361DCE4EB400200600 /* Case13 */,
				BF2C6D941DCF93D700CDFB94 /* Case14 */,
				6EB62423A565E621BE5BA820 /* Common */,
				6EB625F4AA5B531FA4C40D47 /* Debug */,
				F4D738C11B6E44D900CCA111 /* Images.xcassets */,
				F4FC74491B0332FE000C6AE9 /* LaunchScreen.xib */,
				F4FC74441B0332FE000C6AE9 /* Main.storyboard */,
				F48786DB1C0AECD300003A6C /* MainViewController.h */,
				F48786DC1C0AECD300003A6C /* MainViewController.m */,
				F4FC743A1B0332FE000C6AE9 /* Supporting Files */,
			);
			path = MasonryExample;
			sourceTree = "<group>";
		};
		F4FC743A1B0332FE000C6AE9 /* Supporting Files */ = {
			isa = PBXGroup;
			children = (
				F4FC743B1B0332FE000C6AE9 /* Info.plist */,
				F4FC743C1B0332FE000C6AE9 /* main.m */,
			);
			path = "Supporting Files";
			sourceTree = "<group>";
		};
		F4FC74531B0332FE000C6AE9 /* MasonryExampleTests */ = {
			isa = PBXGroup;
			children = (
				F4FC74541B0332FE000C6AE9 /* Supporting Files */,
				F4FC74561B0332FE000C6AE9 /* MasonryExampleTests.m */,
			);
			path = MasonryExampleTests;
			sourceTree = "<group>";
		};
		F4FC74541B0332FE000C6AE9 /* Supporting Files */ = {
			isa = PBXGroup;
			children = (
				F4FC74551B0332FE000C6AE9 /* Info.plist */,
			);
			path = "Supporting Files";
			sourceTree = "<group>";
		};
/* End PBXGroup section */

/* Begin PBXNativeTarget section */
		F4FC74361B0332FE000C6AE9 /* MasonryExample */ = {
			isa = PBXNativeTarget;
			buildConfigurationList = F4FC745A1B0332FE000C6AE9 /* Build configuration list for PBXNativeTarget "MasonryExample" */;
			buildPhases = (
				006C48AC6BFB6CB2E659D98B /* [CP] Check Pods Manifest.lock */,
				F4FC74331B0332FE000C6AE9 /* Sources */,
				F4FC74341B0332FE000C6AE9 /* Frameworks */,
				F4FC74351B0332FE000C6AE9 /* Resources */,
				4A489C68315534E599A4D535 /* [CP] Embed Pods Frameworks */,
				DF47E3EADC6C36DE22BE4186 /* [CP] Copy Pods Resources */,
			);
			buildRules = (
			);
			dependencies = (
			);
			name = MasonryExample;
			productName = MasonryExample;
			productReference = F4FC74371B0332FE000C6AE9 /* MasonryExample.app */;
			productType = "com.apple.product-type.application";
		};
		F4FC744F1B0332FE000C6AE9 /* MasonryExampleTests */ = {
			isa = PBXNativeTarget;
			buildConfigurationList = F4FC745D1B0332FE000C6AE9 /* Build configuration list for PBXNativeTarget "MasonryExampleTests" */;
			buildPhases = (
				F4FC744C1B0332FE000C6AE9 /* Sources */,
				F4FC744D1B0332FE000C6AE9 /* Frameworks */,
				F4FC744E1B0332FE000C6AE9 /* Resources */,
			);
			buildRules = (
			);
			dependencies = (
				F4FC74521B0332FE000C6AE9 /* PBXTargetDependency */,
			);
			name = MasonryExampleTests;
			productName = MasonryExampleTests;
			productReference = F4FC74501B0332FE000C6AE9 /* MasonryExampleTests.xctest */;
			productType = "com.apple.product-type.bundle.unit-test";
		};
/* End PBXNativeTarget section */

/* Begin PBXProject section */
		F4FC742F1B0332FE000C6AE9 /* Project object */ = {
			isa = PBXProject;
			attributes = {
				LastUpgradeCheck = 0720;
				ORGANIZATIONNAME = tutuge;
				TargetAttributes = {
					F4FC74361B0332FE000C6AE9 = {
						CreatedOnToolsVersion = 6.3.1;
					};
					F4FC744F1B0332FE000C6AE9 = {
						CreatedOnToolsVersion = 6.3.1;
						TestTargetID = F4FC74361B0332FE000C6AE9;
					};
				};
			};
			buildConfigurationList = F4FC74321B0332FE000C6AE9 /* Build configuration list for PBXProject "MasonryExample" */;
			compatibilityVersion = "Xcode 3.2";
			developmentRegion = English;
			hasScannedForEncodings = 0;
			knownRegions = (
				en,
				Base,
			);
			mainGroup = F4FC742E1B0332FE000C6AE9;
			productRefGroup = F4FC74381B0332FE000C6AE9 /* Products */;
			projectDirPath = "";
			projectRoot = "";
			targets = (
				F4FC74361B0332FE000C6AE9 /* MasonryExample */,
				F4FC744F1B0332FE000C6AE9 /* MasonryExampleTests */,
			);
		};
/* End PBXProject section */

/* Begin PBXResourcesBuildPhase section */
		F4FC74351B0332FE000C6AE9 /* Resources */ = {
			isa = PBXResourcesBuildPhase;
			buildActionMask = 2147483647;
			files = (
				F4D738C21B6E44D900CCA111 /* Images.xcassets in Resources */,
				F4FC74461B0332FE000C6AE9 /* Main.storyboard in Resources */,
				F4FC744B1B0332FE000C6AE9 /* LaunchScreen.xib in Resources */,
			);
			runOnlyForDeploymentPostprocessing = 0;
		};
		F4FC744E1B0332FE000C6AE9 /* Resources */ = {
			isa = PBXResourcesBuildPhase;
			buildActionMask = 2147483647;
			files = (
			);
			runOnlyForDeploymentPostprocessing = 0;
		};
/* End PBXResourcesBuildPhase section */

/* Begin PBXShellScriptBuildPhase section */
		006C48AC6BFB6CB2E659D98B /* [CP] Check Pods Manifest.lock */ = {
			isa = PBXShellScriptBuildPhase;
			buildActionMask = 2147483647;
			files = (
			);
			inputPaths = (
			);
			name = "[CP] Check Pods Manifest.lock";
			outputPaths = (
			);
			runOnlyForDeploymentPostprocessing = 0;
			shellPath = /bin/sh;
			shellScript = "diff \"${PODS_ROOT}/../Podfile.lock\" \"${PODS_ROOT}/Manifest.lock\" > /dev/null\nif [[ $? != 0 ]] ; then\n    cat << EOM\nerror: The sandbox is not in sync with the Podfile.lock. Run 'pod install' or update your CocoaPods installation.\nEOM\n    exit 1\nfi\n";
			showEnvVarsInLog = 0;
		};
		4A489C68315534E599A4D535 /* [CP] Embed Pods Frameworks */ = {
			isa = PBXShellScriptBuildPhase;
			buildActionMask = 2147483647;
			files = (
			);
			inputPaths = (
			);
			name = "[CP] Embed Pods Frameworks";
			outputPaths = (
			);
			runOnlyForDeploymentPostprocessing = 0;
			shellPath = /bin/sh;
			shellScript = "\"${SRCROOT}/Pods/Target Support Files/Pods-MasonryExample/Pods-MasonryExample-frameworks.sh\"\n";
			showEnvVarsInLog = 0;
		};
		DF47E3EADC6C36DE22BE4186 /* [CP] Copy Pods Resources */ = {
			isa = PBXShellScriptBuildPhase;
			buildActionMask = 2147483647;
			files = (
			);
			inputPaths = (
			);
			name = "[CP] Copy Pods Resources";
			outputPaths = (
			);
			runOnlyForDeploymentPostprocessing = 0;
			shellPath = /bin/sh;
			shellScript = "\"${SRCROOT}/Pods/Target Support Files/Pods-MasonryExample/Pods-MasonryExample-resources.sh\"\n";
			showEnvVarsInLog = 0;
		};
/* End PBXShellScriptBuildPhase section */

/* Begin PBXSourcesBuildPhase section */
		F4FC74331B0332FE000C6AE9 /* Sources */ = {
			isa = PBXSourcesBuildPhase;
			buildActionMask = 2147483647;
			files = (
				F4C204CB1B107B5200FA4E26 /* Case3ViewController.m in Sources */,
				F41FEA771C12C91000B04261 /* Case8ViewController.m in Sources */,
				F41FEA7A1C12CB7900B04261 /* Case8Cell.m in Sources */,
				BF1069E51E759C9000807571 /* Case14Cell.m in Sources */,
				BFBF083C1DCE529400200600 /* Case13TableViewCell.m in Sources */,
				F4A2CE651B6A8FA900739D9D /* Case4ViewController.m in Sources */,
				BF2C6D9A1DCF947100CDFB94 /* Case14StairView.m in Sources */,
				F4D738C01B6E433900CCA111 /* Case6ItemView.m in Sources */,
				F4FC74431B0332FE000C6AE9 /* Case1ViewController.m in Sources */,
				F46ECD961B10452E00FFB893 /* Case2ViewController.m in Sources */,
				F4A2CE6C1B6A90D500739D9D /* Case4DataEntity.m in Sources */,
				F4D738BD1B6E3F0800CCA111 /* Case6ViewController.m in Sources */,
				F48786DD1C0AECD300003A6C /* MainViewController.m in Sources */,
				F41FEA7D1C130D9600B04261 /* Case9ViewController.m in Sources */,
				F4FC74401B0332FE000C6AE9 /* AppDelegate.m in Sources */,
				F4A2CE6F1B6A921100739D9D /* Case4Cell.m in Sources */,
				F4D738B91B6E144100CCA111 /* Case5ViewController.m in Sources */,
				F4FC743D1B0332FE000C6AE9 /* main.m in Sources */,
				BFBF08391DCE4ED300200600 /* Case13ViewController.m in Sources */,
				BF1CF0C11D55FF4A002E71DF /* Case11ViewController.m in Sources */,
				F48786E11C0B60AB00003A6C /* Case7ViewController.m in Sources */,
				BF2C6D971DCF93EC00CDFB94 /* Case14ViewController.m in Sources */,
				6EB62A08961EE8DB1B6B3235 /* Case8DataEntity.m in Sources */,
				BF1CF0BE1D55F650002E71DF /* Case10ViewController.m in Sources */,
				6EB620F5D4987AA9D5FFFDF3 /* Common.m in Sources */,
				6EB62440A862D561C595E054 /* UIView+TTGHook.m in Sources */,
				BF1CF0C41D561AB4002E71DF /* Case12ViewController.m in Sources */,
			);
			runOnlyForDeploymentPostprocessing = 0;
		};
		F4FC744C1B0332FE000C6AE9 /* Sources */ = {
			isa = PBXSourcesBuildPhase;
			buildActionMask = 2147483647;
			files = (
				F4FC74571B0332FE000C6AE9 /* MasonryExampleTests.m in Sources */,
			);
			runOnlyForDeploymentPostprocessing = 0;
		};
/* End PBXSourcesBuildPhase section */

/* Begin PBXTargetDependency section */
		F4FC74521B0332FE000C6AE9 /* PBXTargetDependency */ = {
			isa = PBXTargetDependency;
			target = F4FC74361B0332FE000C6AE9 /* MasonryExample */;
			targetProxy = F4FC74511B0332FE000C6AE9 /* PBXContainerItemProxy */;
		};
/* End PBXTargetDependency section */

/* Begin PBXVariantGroup section */
		F4FC74441B0332FE000C6AE9 /* Main.storyboard */ = {
			isa = PBXVariantGroup;
			children = (
				F4FC74451B0332FE000C6AE9 /* Base */,
			);
			name = Main.storyboard;
			path = .;
			sourceTree = "<group>";
		};
		F4FC74491B0332FE000C6AE9 /* LaunchScreen.xib */ = {
			isa = PBXVariantGroup;
			children = (
				F4FC744A1B0332FE000C6AE9 /* Base */,
			);
			name = LaunchScreen.xib;
			path = .;
			sourceTree = "<group>";
		};
/* End PBXVariantGroup section */

/* Begin XCBuildConfiguration section */
		F4FC74581B0332FE000C6AE9 /* Debug */ = {
			isa = XCBuildConfiguration;
			buildSettings = {
				ALWAYS_SEARCH_USER_PATHS = NO;
				CLANG_CXX_LANGUAGE_STANDARD = "gnu++0x";
				CLANG_CXX_LIBRARY = "libc++";
				CLANG_ENABLE_MODULES = YES;
				CLANG_ENABLE_OBJC_ARC = YES;
				CLANG_WARN_BOOL_CONVERSION = YES;
				CLANG_WARN_CONSTANT_CONVERSION = YES;
				CLANG_WARN_DIRECT_OBJC_ISA_USAGE = YES_ERROR;
				CLANG_WARN_EMPTY_BODY = YES;
				CLANG_WARN_ENUM_CONVERSION = YES;
				CLANG_WARN_INT_CONVERSION = YES;
				CLANG_WARN_OBJC_ROOT_CLASS = YES_ERROR;
				CLANG_WARN_UNREACHABLE_CODE = YES;
				CLANG_WARN__DUPLICATE_METHOD_MATCH = YES;
				"CODE_SIGN_IDENTITY[sdk=iphoneos*]" = "iPhone Developer";
				COPY_PHASE_STRIP = NO;
				DEBUG_INFORMATION_FORMAT = "dwarf-with-dsym";
				ENABLE_STRICT_OBJC_MSGSEND = YES;
				ENABLE_TESTABILITY = YES;
				GCC_C_LANGUAGE_STANDARD = gnu99;
				GCC_DYNAMIC_NO_PIC = NO;
				GCC_NO_COMMON_BLOCKS = YES;
				GCC_OPTIMIZATION_LEVEL = 0;
				GCC_PREPROCESSOR_DEFINITIONS = (
					"DEBUG=1",
					"$(inherited)",
				);
				GCC_SYMBOLS_PRIVATE_EXTERN = NO;
				GCC_WARN_64_TO_32_BIT_CONVERSION = YES;
				GCC_WARN_ABOUT_RETURN_TYPE = YES_ERROR;
				GCC_WARN_UNDECLARED_SELECTOR = YES;
				GCC_WARN_UNINITIALIZED_AUTOS = YES_AGGRESSIVE;
				GCC_WARN_UNUSED_FUNCTION = YES;
				GCC_WARN_UNUSED_VARIABLE = YES;
				IPHONEOS_DEPLOYMENT_TARGET = 8.0;
				MTL_ENABLE_DEBUG_INFO = YES;
				ONLY_ACTIVE_ARCH = YES;
				SDKROOT = iphoneos;
			};
			name = Debug;
		};
		F4FC74591B0332FE000C6AE9 /* Release */ = {
			isa = XCBuildConfiguration;
			buildSettings = {
				ALWAYS_SEARCH_USER_PATHS = NO;
				CLANG_CXX_LANGUAGE_STANDARD = "gnu++0x";
				CLANG_CXX_LIBRARY = "libc++";
				CLANG_ENABLE_MODULES = YES;
				CLANG_ENABLE_OBJC_ARC = YES;
				CLANG_WARN_BOOL_CONVERSION = YES;
				CLANG_WARN_CONSTANT_CONVERSION = YES;
				CLANG_WARN_DIRECT_OBJC_ISA_USAGE = YES_ERROR;
				CLANG_WARN_EMPTY_BODY = YES;
				CLANG_WARN_ENUM_CONVERSION = YES;
				CLANG_WARN_INT_CONVERSION = YES;
				CLANG_WARN_OBJC_ROOT_CLASS = YES_ERROR;
				CLANG_WARN_UNREACHABLE_CODE = YES;
				CLANG_WARN__DUPLICATE_METHOD_MATCH = YES;
				"CODE_SIGN_IDENTITY[sdk=iphoneos*]" = "iPhone Developer";
				COPY_PHASE_STRIP = NO;
				DEBUG_INFORMATION_FORMAT = "dwarf-with-dsym";
				ENABLE_NS_ASSERTIONS = NO;
				ENABLE_STRICT_OBJC_MSGSEND = YES;
				GCC_C_LANGUAGE_STANDARD = gnu99;
				GCC_NO_COMMON_BLOCKS = YES;
				GCC_WARN_64_TO_32_BIT_CONVERSION = YES;
				GCC_WARN_ABOUT_RETURN_TYPE = YES_ERROR;
				GCC_WARN_UNDECLARED_SELECTOR = YES;
				GCC_WARN_UNINITIALIZED_AUTOS = YES_AGGRESSIVE;
				GCC_WARN_UNUSED_FUNCTION = YES;
				GCC_WARN_UNUSED_VARIABLE = YES;
				IPHONEOS_DEPLOYMENT_TARGET = 8.0;
				MTL_ENABLE_DEBUG_INFO = NO;
				SDKROOT = iphoneos;
				VALIDATE_PRODUCT = YES;
			};
			name = Release;
		};
		F4FC745B1B0332FE000C6AE9 /* Debug */ = {
			isa = XCBuildConfiguration;
			baseConfigurationReference = 9837C7336C60C75F97C3B6AA /* Pods-MasonryExample.debug.xcconfig */;
			buildSettings = {
				ASSETCATALOG_COMPILER_APPICON_NAME = AppIcon;
				INFOPLIST_FILE = "MasonryExample/Supporting Files/Info.plist";
				IPHONEOS_DEPLOYMENT_TARGET = 8.0;
				LD_RUNPATH_SEARCH_PATHS = "$(inherited) @executable_path/Frameworks";
				PRODUCT_BUNDLE_IDENTIFIER = "me.tutuge.$(PRODUCT_NAME:rfc1034identifier)";
				PRODUCT_NAME = "$(TARGET_NAME)";
			};
			name = Debug;
		};
		F4FC745C1B0332FE000C6AE9 /* Release */ = {
			isa = XCBuildConfiguration;
			baseConfigurationReference = 61B46BE89DD3FCE4B7063FC9 /* Pods-MasonryExample.release.xcconfig */;
			buildSettings = {
				ASSETCATALOG_COMPILER_APPICON_NAME = AppIcon;
				INFOPLIST_FILE = "MasonryExample/Supporting Files/Info.plist";
				IPHONEOS_DEPLOYMENT_TARGET = 8.0;
				LD_RUNPATH_SEARCH_PATHS = "$(inherited) @executable_path/Frameworks";
				PRODUCT_BUNDLE_IDENTIFIER = "me.tutuge.$(PRODUCT_NAME:rfc1034identifier)";
				PRODUCT_NAME = "$(TARGET_NAME)";
			};
			name = Release;
		};
		F4FC745E1B0332FE000C6AE9 /* Debug */ = {
			isa = XCBuildConfiguration;
			buildSettings = {
				BUNDLE_LOADER = "$(TEST_HOST)";
				FRAMEWORK_SEARCH_PATHS = (
					"$(SDKROOT)/Developer/Library/Frameworks",
					"$(inherited)",
				);
				GCC_PREPROCESSOR_DEFINITIONS = (
					"DEBUG=1",
					"$(inherited)",
				);
				INFOPLIST_FILE = "MasonryExampleTests/Supporting Files/Info.plist";
				LD_RUNPATH_SEARCH_PATHS = "$(inherited) @executable_path/Frameworks @loader_path/Frameworks";
				PRODUCT_BUNDLE_IDENTIFIER = "me.tutuge.$(PRODUCT_NAME:rfc1034identifier)";
				PRODUCT_NAME = "$(TARGET_NAME)";
				TEST_HOST = "$(BUILT_PRODUCTS_DIR)/MasonryExample.app/MasonryExample";
			};
			name = Debug;
		};
		F4FC745F1B0332FE000C6AE9 /* Release */ = {
			isa = XCBuildConfiguration;
			buildSettings = {
				BUNDLE_LOADER = "$(TEST_HOST)";
				FRAMEWORK_SEARCH_PATHS = (
					"$(SDKROOT)/Developer/Library/Frameworks",
					"$(inherited)",
				);
				INFOPLIST_FILE = "MasonryExampleTests/Supporting Files/Info.plist";
				LD_RUNPATH_SEARCH_PATHS = "$(inherited) @executable_path/Frameworks @loader_path/Frameworks";
				PRODUCT_BUNDLE_IDENTIFIER = "me.tutuge.$(PRODUCT_NAME:rfc1034identifier)";
				PRODUCT_NAME = "$(TARGET_NAME)";
				TEST_HOST = "$(BUILT_PRODUCTS_DIR)/MasonryExample.app/MasonryExample";
			};
			name = Release;
		};
/* End XCBuildConfiguration section */

/* Begin XCConfigurationList section */
		F4FC74321B0332FE000C6AE9 /* Build configuration list for PBXProject "MasonryExample" */ = {
			isa = XCConfigurationList;
			buildConfigurations = (
				F4FC74581B0332FE000C6AE9 /* Debug */,
				F4FC74591B0332FE000C6AE9 /* Release */,
			);
			defaultConfigurationIsVisible = 0;
			defaultConfigurationName = Release;
		};
		F4FC745A1B0332FE000C6AE9 /* Build configuration list for PBXNativeTarget "MasonryExample" */ = {
			isa = XCConfigurationList;
			buildConfigurations = (
				F4FC745B1B0332FE000C6AE9 /* Debug */,
				F4FC745C1B0332FE000C6AE9 /* Release */,
			);
			defaultConfigurationIsVisible = 0;
			defaultConfigurationName = Release;
		};
		F4FC745D1B0332FE000C6AE9 /* Build configuration list for PBXNativeTarget "MasonryExampleTests" */ = {
			isa = XCConfigurationList;
			buildConfigurations = (
				F4FC745E1B0332FE000C6AE9 /* Debug */,
				F4FC745F1B0332FE000C6AE9 /* Release */,
			);
			defaultConfigurationIsVisible = 0;
			defaultConfigurationName = Release;
		};
/* End XCConfigurationList section */
	};
	rootObject = F4FC742F1B0332FE000C6AE9 /* Project object */;
}
